// !$*UTF8*$!
{
	archiveVersion = 1;
	classes = {
	};
	objectVersion = 50;
	objects = {

/* Begin PBXBuildFile section */
		F067ABDB23F5932500CDF830 /* AppDelegate.swift in Sources */ = {isa = PBXBuildFile; fileRef = F067ABDA23F5932500CDF830 /* AppDelegate.swift */; };
		F067ABDD23F5932500CDF830 /* SceneDelegate.swift in Sources */ = {isa = PBXBuildFile; fileRef = F067ABDC23F5932500CDF830 /* SceneDelegate.swift */; };
		F067ABDF23F5932500CDF830 /* ViewController.swift in Sources */ = {isa = PBXBuildFile; fileRef = F067ABDE23F5932500CDF830 /* ViewController.swift */; };
		F067ABE223F5932500CDF830 /* Main.storyboard in Resources */ = {isa = PBXBuildFile; fileRef = F067ABE023F5932500CDF830 /* Main.storyboard */; };
		F067ABE423F5932700CDF830 /* Assets.xcassets in Resources */ = {isa = PBXBuildFile; fileRef = F067ABE323F5932700CDF830 /* Assets.xcassets */; };
		F067ABE723F5932700CDF830 /* LaunchScreen.storyboard in Resources */ = {isa = PBXBuildFile; fileRef = F067ABE523F5932700CDF830 /* LaunchScreen.storyboard */; };
		F067ABEF23F5999700CDF830 /* StackLine.swift in Sources */ = {isa = PBXBuildFile; fileRef = F067ABEE23F5999700CDF830 /* StackLine.swift */; };
		F067ABF123F5B54C00CDF830 /* PopView.swift in Sources */ = {isa = PBXBuildFile; fileRef = F067ABF023F5B54C00CDF830 /* PopView.swift */; };
		F067ABF323F5B6B400CDF830 /* Line.swift in Sources */ = {isa = PBXBuildFile; fileRef = F067ABF223F5B6B400CDF830 /* Line.swift */; };
		F067ABF523F6B7CF00CDF830 /* Constants.swift in Sources */ = {isa = PBXBuildFile; fileRef = F067ABF423F6B7CF00CDF830 /* Constants.swift */; };
/* End PBXBuildFile section */

/* Begin PBXFileReference section */
		F067ABD723F5932500CDF830 /* Master Mind.app */ = {isa = PBXFileReference; explicitFileType = wrapper.application; includeInIndex = 0; path = "Master Mind.app"; sourceTree = BUILT_PRODUCTS_DIR; };
		F067ABDA23F5932500CDF830 /* AppDelegate.swift */ = {isa = PBXFileReference; lastKnownFileType = sourcecode.swift; path = AppDelegate.swift; sourceTree = "<group>"; };
		F067ABDC23F5932500CDF830 /* SceneDelegate.swift */ = {isa = PBXFileReference; lastKnownFileType = sourcecode.swift; path = SceneDelegate.swift; sourceTree = "<group>"; };
		F067ABDE23F5932500CDF830 /* ViewController.swift */ = {isa = PBXFileReference; lastKnownFileType = sourcecode.swift; path = ViewController.swift; sourceTree = "<group>"; };
		F067ABE123F5932500CDF830 /* Base */ = {isa = PBXFileReference; lastKnownFileType = file.storyboard; name = Base; path = Base.lproj/Main.storyboard; sourceTree = "<group>"; };
		F067ABE323F5932700CDF830 /* Assets.xcassets */ = {isa = PBXFileReference; lastKnownFileType = folder.assetcatalog; path = Assets.xcassets; sourceTree = "<group>"; };
		F067ABE623F5932700CDF830 /* Base */ = {isa = PBXFileReference; lastKnownFileType = file.storyboard; name = Base; path = Base.lproj/LaunchScreen.storyboard; sourceTree = "<group>"; };
		F067ABE823F5932700CDF830 /* Info.plist */ = {isa = PBXFileReference; lastKnownFileType = text.plist.xml; path = Info.plist; sourceTree = "<group>"; };
		F067ABEE23F5999700CDF830 /* StackLine.swift */ = {isa = PBXFileReference; lastKnownFileType = sourcecode.swift; path = StackLine.swift; sourceTree = "<group>"; };
		F067ABF023F5B54C00CDF830 /* PopView.swift */ = {isa = PBXFileReference; lastKnownFileType = sourcecode.swift; path = PopView.swift; sourceTree = "<group>"; };
		F067ABF223F5B6B400CDF830 /* Line.swift */ = {isa = PBXFileReference; lastKnownFileType = sourcecode.swift; path = Line.swift; sourceTree = "<group>"; };
		F067ABF423F6B7CF00CDF830 /* Constants.swift */ = {isa = PBXFileReference; lastKnownFileType = sourcecode.swift; path = Constants.swift; sourceTree = "<group>"; };
/* End PBXFileReference section */

/* Begin PBXFrameworksBuildPhase section */
		F067ABD423F5932500CDF830 /* Frameworks */ = {
			isa = PBXFrameworksBuildPhase;
			buildActionMask = 2147483647;
			files = (
			);
			runOnlyForDeploymentPostprocessing = 0;
		};
/* End PBXFrameworksBuildPhase section */

/* Begin PBXGroup section */
		F067ABCE23F5932500CDF830 = {
			isa = PBXGroup;
			children = (
				F067ABD923F5932500CDF830 /* Master Mind */,
				F067ABD823F5932500CDF830 /* Products */,
			);
			sourceTree = "<group>";
		};
		F067ABD823F5932500CDF830 /* Products */ = {
			isa = PBXGroup;
			children = (
				F067ABD723F5932500CDF830 /* Master Mind.app */,
			);
			name = Products;
			sourceTree = "<group>";
		};
		F067ABD923F5932500CDF830 /* Master Mind */ = {
			isa = PBXGroup;
			children = (
				F067ABDA23F5932500CDF830 /* AppDelegate.swift */,
				F067ABDC23F5932500CDF830 /* SceneDelegate.swift */,
				F067ABDE23F5932500CDF830 /* ViewController.swift */,
				F067ABF423F6B7CF00CDF830 /* Constants.swift */,
				F067ABF223F5B6B400CDF830 /* Line.swift */,
				F067ABE023F5932500CDF830 /* Main.storyboard */,
				F067ABF023F5B54C00CDF830 /* PopView.swift */,
				F067ABEE23F5999700CDF830 /* StackLine.swift */,
				F067ABE323F5932700CDF830 /* Assets.xcassets */,
				F067ABE523F5932700CDF830 /* LaunchScreen.storyboard */,
				F067ABE823F5932700CDF830 /* Info.plist */,
			);
			path = "Master Mind";
			sourceTree = "<group>";
		};
/* End PBXGroup section */

/* Begin PBXNativeTarget section */
		F067ABD623F5932500CDF830 /* Master Mind */ = {
			isa = PBXNativeTarget;
			buildConfigurationList = F067ABEB23F5932700CDF830 /* Build configuration list for PBXNativeTarget "Master Mind" */;
			buildPhases = (
				F067ABD323F5932500CDF830 /* Sources */,
				F067ABD423F5932500CDF830 /* Frameworks */,
				F067ABD523F5932500CDF830 /* Resources */,
			);
			buildRules = (
			);
			dependencies = (
			);
			name = "Master Mind";
			productName = "Master Mind";
			productReference = F067ABD723F5932500CDF830 /* Master Mind.app */;
			productType = "com.apple.product-type.application";
		};
/* End PBXNativeTarget section */

/* Begin PBXProject section */
		F067ABCF23F5932500CDF830 /* Project object */ = {
			isa = PBXProject;
			attributes = {
				LastSwiftUpdateCheck = 1130;
				LastUpgradeCheck = 1130;
				ORGANIZATIONNAME = Guillaume;
				TargetAttributes = {
					F067ABD623F5932500CDF830 = {
						CreatedOnToolsVersion = 11.3.1;
					};
				};
			};
			buildConfigurationList = F067ABD223F5932500CDF830 /* Build configuration list for PBXProject "Master Mind" */;
			compatibilityVersion = "Xcode 9.3";
			developmentRegion = en;
			hasScannedForEncodings = 0;
			knownRegions = (
				en,
				Base,
			);
			mainGroup = F067ABCE23F5932500CDF830;
			productRefGroup = F067ABD823F5932500CDF830 /* Products */;
			projectDirPath = "";
			projectRoot = "";
			targets = (
				F067ABD623F5932500CDF830 /* Master Mind */,
			);
		};
/* End PBXProject section */

/* Begin PBXResourcesBuildPhase section */
		F067ABD523F5932500CDF830 /* Resources */ = {
			isa = PBXResourcesBuildPhase;
			buildActionMask = 2147483647;
			files = (
				F067ABE723F5932700CDF830 /* LaunchScreen.storyboard in Resources */,
				F067ABE423F5932700CDF830 /* Assets.xcassets in Resources */,
				F067ABE223F5932500CDF830 /* Main.storyboard in Resources */,
			);
			runOnlyForDeploymentPostprocessing = 0;
		};
/* End PBXResourcesBuildPhase section */

/* Begin PBXSourcesBuildPhase section */
		F067ABD323F5932500CDF830 /* Sources */ = {
			isa = PBXSourcesBuildPhase;
			buildActionMask = 2147483647;
			files = (
				F067ABF123F5B54C00CDF830 /* PopView.swift in Sources */,
				F067ABEF23F5999700CDF830 /* StackLine.swift in Sources */,
				F067ABDF23F5932500CDF830 /* ViewController.swift in Sources */,
				F067ABF323F5B6B400CDF830 /* Line.swift in Sources */,
				F067ABF523F6B7CF00CDF830 /* Constants.swift in Sources */,
				F067ABDB23F5932500CDF830 /* AppDelegate.swift in Sources */,
				F067ABDD23F5932500CDF830 /* SceneDelegate.swift in Sources */,
			);
			runOnlyForDeploymentPostprocessing = 0;
		};
/* End PBXSourcesBuildPhase section */

/* Begin PBXVariantGroup section */
		F067ABE023F5932500CDF830 /* Main.storyboard */ = {
			isa = PBXVariantGroup;
			children = (
				F067ABE123F5932500CDF830 /* Base */,
			);
			name = Main.storyboard;
			sourceTree = "<group>";
		};
		F067ABE523F5932700CDF830 /* LaunchScreen.storyboard */ = {
			isa = PBXVariantGroup;
			children = (
				F067ABE623F5932700CDF830 /* Base */,
			);
			name = LaunchScreen.storyboard;
			sourceTree = "<group>";
		};
/* End PBXVariantGroup section */

/* Begin XCBuildConfiguration section */
		F067ABE923F5932700CDF830 /* Debug */ = {
			isa = XCBuildConfiguration;
			buildSettings = {
				ALWAYS_SEARCH_USER_PATHS = NO;
				CLANG_ANALYZER_NONNULL = YES;
				CLANG_ANALYZER_NUMBER_OBJECT_CONVERSION = YES_AGGRESSIVE;
				CLANG_CXX_LANGUAGE_STANDARD = "gnu++14";
				CLANG_CXX_LIBRARY = "libc++";
				CLANG_ENABLE_MODULES = YES;
				CLANG_ENABLE_OBJC_ARC = YES;
				CLANG_ENABLE_OBJC_WEAK = YES;
				CLANG_WARN_BLOCK_CAPTURE_AUTORELEASING = YES;
				CLANG_WARN_BOOL_CONVERSION = YES;
				CLANG_WARN_COMMA = YES;
				CLANG_WARN_CONSTANT_CONVERSION = YES;
				CLANG_WARN_DEPRECATED_OBJC_IMPLEMENTATIONS = YES;
				CLANG_WARN_DIRECT_OBJC_ISA_USAGE = YES_ERROR;
				CLANG_WARN_DOCUMENTATION_COMMENTS = YES;
				CLANG_WARN_EMPTY_BODY = YES;
				CLANG_WARN_ENUM_CONVERSION = YES;
				CLANG_WARN_INFINITE_RECURSION = YES;
				CLANG_WARN_INT_CONVERSION = YES;
				CLANG_WARN_NON_LITERAL_NULL_CONVERSION = YES;
				CLANG_WARN_OBJC_IMPLICIT_RETAIN_SELF = YES;
				CLANG_WARN_OBJC_LITERAL_CONVERSION = YES;
				CLANG_WARN_OBJC_ROOT_CLASS = YES_ERROR;
				CLANG_WARN_RANGE_LOOP_ANALYSIS = YES;
				CLANG_WARN_STRICT_PROTOTYPES = YES;
				CLANG_WARN_SUSPICIOUS_MOVE = YES;
				CLANG_WARN_UNGUARDED_AVAILABILITY = YES_AGGRESSIVE;
				CLANG_WARN_UNREACHABLE_CODE = YES;
				CLANG_WARN__DUPLICATE_METHOD_MATCH = YES;
				COPY_PHASE_STRIP = NO;
				DEBUG_INFORMATION_FORMAT = dwarf;
				ENABLE_STRICT_OBJC_MSGSEND = YES;
				ENABLE_TESTABILITY = YES;
				GCC_C_LANGUAGE_STANDARD = gnu11;
				GCC_DYNAMIC_NO_PIC = NO;
				GCC_NO_COMMON_BLOCKS = YES;
				GCC_OPTIMIZATION_LEVEL = 0;
				GCC_PREPROCESSOR_DEFINITIONS = (
					"DEBUG=1",
					"$(inherited)",
				);
				GCC_WARN_64_TO_32_BIT_CONVERSION = YES;
				GCC_WARN_ABOUT_RETURN_TYPE = YES_ERROR;
				GCC_WARN_UNDECLARED_SELECTOR = YES;
				GCC_WARN_UNINITIALIZED_AUTOS = YES_AGGRESSIVE;
				GCC_WARN_UNUSED_FUNCTION = YES;
				GCC_WARN_UNUSED_VARIABLE = YES;
				IPHONEOS_DEPLOYMENT_TARGET = 13.2;
				MTL_ENABLE_DEBUG_INFO = INCLUDE_SOURCE;
				MTL_FAST_MATH = YES;
				ONLY_ACTIVE_ARCH = YES;
				SDKROOT = iphoneos;
				SWIFT_ACTIVE_COMPILATION_CONDITIONS = DEBUG;
				SWIFT_OPTIMIZATION_LEVEL = "-Onone";
			};
			name = Debug;
		};
		F067ABEA23F5932700CDF830 /* Release */ = {
			isa = XCBuildConfiguration;
			buildSettings = {
				ALWAYS_SEARCH_USER_PATHS = NO;
				CLANG_ANALYZER_NONNULL = YES;
				CLANG_ANALYZER_NUMBER_OBJECT_CONVERSION = YES_AGGRESSIVE;
				CLANG_CXX_LANGUAGE_STANDARD = "gnu++14";
				CLANG_CXX_LIBRARY = "libc++";
				CLANG_ENABLE_MODULES = YES;
				CLANG_ENABLE_OBJC_ARC = YES;
				CLANG_ENABLE_OBJC_WEAK = YES;
				CLANG_WARN_BLOCK_CAPTURE_AUTORELEASING = YES;
				CLANG_WARN_BOOL_CONVERSION = YES;
				CLANG_WARN_COMMA = YES;
				CLANG_WARN_CONSTANT_CONVERSION = YES;
				CLANG_WARN_DEPRECATED_OBJC_IMPLEMENTATIONS = YES;
				CLANG_WARN_DIRECT_OBJC_ISA_USAGE = YES_ERROR;
				CLANG_WARN_DOCUMENTATION_COMMENTS = YES;
				CLANG_WARN_EMPTY_BODY = YES;
				CLANG_WARN_ENUM_CONVERSION = YES;
				CLANG_WARN_INFINITE_RECURSION = YES;
				CLANG_WARN_INT_CONVERSION = YES;
				CLANG_WARN_NON_LITERAL_NULL_CONVERSION = YES;
				CLANG_WARN_OBJC_IMPLICIT_RETAIN_SELF = YES;
				CLANG_WARN_OBJC_LITERAL_CONVERSION = YES;
				CLANG_WARN_OBJC_ROOT_CLASS = YES_ERROR;
				CLANG_WARN_RANGE_LOOP_ANALYSIS = YES;
				CLANG_WARN_STRICT_PROTOTYPES = YES;
				CLANG_WARN_SUSPICIOUS_MOVE = YES;
				CLANG_WARN_UNGUARDED_AVAILABILITY = YES_AGGRESSIVE;
				CLANG_WARN_UNREACHABLE_CODE = YES;
				CLANG_WARN__DUPLICATE_METHOD_MATCH = YES;
				COPY_PHASE_STRIP = NO;
				DEBUG_INFORMATION_FORMAT = "dwarf-with-dsym";
				ENABLE_NS_ASSERTIONS = NO;
				ENABLE_STRICT_OBJC_MSGSEND = YES;
				GCC_C_LANGUAGE_STANDARD = gnu11;
				GCC_NO_COMMON_BLOCKS = YES;
				GCC_WARN_64_TO_32_BIT_CONVERSION = YES;
				GCC_WARN_ABOUT_RETURN_TYPE = YES_ERROR;
				GCC_WARN_UNDECLARED_SELECTOR = YES;
				GCC_WARN_UNINITIALIZED_AUTOS = YES_AGGRESSIVE;
				GCC_WARN_UNUSED_FUNCTION = YES;
				GCC_WARN_UNUSED_VARIABLE = YES;
				IPHONEOS_DEPLOYMENT_TARGET = 13.2;
				MTL_ENABLE_DEBUG_INFO = NO;
				MTL_FAST_MATH = YES;
				SDKROOT = iphoneos;
				SWIFT_COMPILATION_MODE = wholemodule;
				SWIFT_OPTIMIZATION_LEVEL = "-O";
				VALIDATE_PRODUCT = YES;
			};
			name = Release;
		};
		F067ABEC23F5932700CDF830 /* Debug */ = {
			isa = XCBuildConfiguration;
			buildSettings = {
				ASSETCATALOG_COMPILER_APPICON_NAME = AppIcon;
				CODE_SIGN_IDENTITY = "Apple Development";
				CODE_SIGN_STYLE = Automatic;
				CURRENT_PROJECT_VERSION = 2;
				DEVELOPMENT_TEAM = J255M5NX8P;
				INFOPLIST_FILE = "Master Mind/Info.plist";
				IPHONEOS_DEPLOYMENT_TARGET = 9.3;
				LD_RUNPATH_SEARCH_PATHS = (
					"$(inherited)",
					"@executable_path/Frameworks",
				);
				MARKETING_VERSION = 1.1;
				PRODUCT_BUNDLE_IDENTIFIER = "net.jrmv.games.Master-Mind";
				PRODUCT_NAME = "$(TARGET_NAME)";
				PROVISIONING_PROFILE_SPECIFIER = "";
				SWIFT_VERSION = 5.0;
				TARGETED_DEVICE_FAMILY = "1,2";
			};
			name = Debug;
		};
		F067ABED23F5932700CDF830 /* Release */ = {
			isa = XCBuildConfiguration;
			buildSettings = {
				ASSETCATALOG_COMPILER_APPICON_NAME = AppIcon;
				CODE_SIGN_IDENTITY = "Apple Development";
				CODE_SIGN_STYLE = Automatic;
				CURRENT_PROJECT_VERSION = 2;
				DEVELOPMENT_TEAM = J255M5NX8P;
				INFOPLIST_FILE = "Master Mind/Info.plist";
				IPHONEOS_DEPLOYMENT_TARGET = 9.3;
				LD_RUNPATH_SEARCH_PATHS = (
					"$(inherited)",
					"@executable_path/Frameworks",
				);
				MARKETING_VERSION = 1.1;
				PRODUCT_BUNDLE_IDENTIFIER = "net.jrmv.games.Master-Mind";
				PRODUCT_NAME = "$(TARGET_NAME)";
				PROVISIONING_PROFILE_SPECIFIER = "";
				SWIFT_VERSION = 5.0;
				TARGETED_DEVICE_FAMILY = "1,2";
			};
			name = Release;
		};
/* End XCBuildConfiguration section */

/* Begin XCConfigurationList section */
		F067ABD223F5932500CDF830 /* Build configuration list for PBXProject "Master Mind" */ = {
			isa = XCConfigurationList;
			buildConfigurations = (
				F067ABE923F5932700CDF830 /* Debug */,
				F067ABEA23F5932700CDF830 /* Release */,
			);
			defaultConfigurationIsVisible = 0;
			defaultConfigurationName = Release;
		};
		F067ABEB23F5932700CDF830 /* Build configuration list for PBXNativeTarget "Master Mind" */ = {
			isa = XCConfigurationList;
			buildConfigurations = (
				F067ABEC23F5932700CDF830 /* Debug */,
				F067ABED23F5932700CDF830 /* Release */,
			);
			defaultConfigurationIsVisible = 0;
			defaultConfigurationName = Release;
		};
/* End XCConfigurationList section */
	};
	rootObject = F067ABCF23F5932500CDF830 /* Project object */;
}
